// !$*UTF8*$!
{
	archiveVersion = 1;
	classes = {
	};
	objectVersion = 55;
	objects = {

/* Begin PBXBuildFile section */
		908538FB2900416D0064228A /* AppDelegate.swift in Sources */ = {isa = PBXBuildFile; fileRef = 908538FA2900416D0064228A /* AppDelegate.swift */; };
		908538FD2900416D0064228A /* SceneDelegate.swift in Sources */ = {isa = PBXBuildFile; fileRef = 908538FC2900416D0064228A /* SceneDelegate.swift */; };
		908538FF2900416D0064228A /* ViewController.swift in Sources */ = {isa = PBXBuildFile; fileRef = 908538FE2900416D0064228A /* ViewController.swift */; };
		908539022900416D0064228A /* Main.storyboard in Resources */ = {isa = PBXBuildFile; fileRef = 908539002900416D0064228A /* Main.storyboard */; };
		908539042900416D0064228A /* Assets.xcassets in Resources */ = {isa = PBXBuildFile; fileRef = 908539032900416D0064228A /* Assets.xcassets */; };
		908539072900416D0064228A /* LaunchScreen.storyboard in Resources */ = {isa = PBXBuildFile; fileRef = 908539052900416D0064228A /* LaunchScreen.storyboard */; };
		908539122900416D0064228A /* Display_a_NumberTests.swift in Sources */ = {isa = PBXBuildFile; fileRef = 908539112900416D0064228A /* Display_a_NumberTests.swift */; };
		9085391C2900416D0064228A /* Display_a_NumberUITests.swift in Sources */ = {isa = PBXBuildFile; fileRef = 9085391B2900416D0064228A /* Display_a_NumberUITests.swift */; };
		9085391E2900416D0064228A /* Display_a_NumberUITestsLaunchTests.swift in Sources */ = {isa = PBXBuildFile; fileRef = 9085391D2900416D0064228A /* Display_a_NumberUITestsLaunchTests.swift */; };
/* End PBXBuildFile section */

/* Begin PBXContainerItemProxy section */
		9085390E2900416D0064228A /* PBXContainerItemProxy */ = {
			isa = PBXContainerItemProxy;
			containerPortal = 908538EF2900416D0064228A /* Project object */;
			proxyType = 1;
			remoteGlobalIDString = 908538F62900416D0064228A;
			remoteInfo = "Display a Number";
		};
		908539182900416D0064228A /* PBXContainerItemProxy */ = {
			isa = PBXContainerItemProxy;
			containerPortal = 908538EF2900416D0064228A /* Project object */;
			proxyType = 1;
			remoteGlobalIDString = 908538F62900416D0064228A;
			remoteInfo = "Display a Number";
		};
/* End PBXContainerItemProxy section */

/* Begin PBXFileReference section */
		908538F72900416D0064228A /* Display a Number.app */ = {isa = PBXFileReference; explicitFileType = wrapper.application; includeInIndex = 0; path = "Display a Number.app"; sourceTree = BUILT_PRODUCTS_DIR; };
		908538FA2900416D0064228A /* AppDelegate.swift */ = {isa = PBXFileReference; lastKnownFileType = sourcecode.swift; path = AppDelegate.swift; sourceTree = "<group>"; };
		908538FC2900416D0064228A /* SceneDelegate.swift */ = {isa = PBXFileReference; lastKnownFileType = sourcecode.swift; path = SceneDelegate.swift; sourceTree = "<group>"; };
		908538FE2900416D0064228A /* ViewController.swift */ = {isa = PBXFileReference; lastKnownFileType = sourcecode.swift; path = ViewController.swift; sourceTree = "<group>"; };
		908539012900416D0064228A /* Base */ = {isa = PBXFileReference; lastKnownFileType = file.storyboard; name = Base; path = Base.lproj/Main.storyboard; sourceTree = "<group>"; };
		908539032900416D0064228A /* Assets.xcassets */ = {isa = PBXFileReference; lastKnownFileType = folder.assetcatalog; path = Assets.xcassets; sourceTree = "<group>"; };
		908539062900416D0064228A /* Base */ = {isa = PBXFileReference; lastKnownFileType = file.storyboard; name = Base; path = Base.lproj/LaunchScreen.storyboard; sourceTree = "<group>"; };
		908539082900416D0064228A /* Info.plist */ = {isa = PBXFileReference; lastKnownFileType = text.plist.xml; path = Info.plist; sourceTree = "<group>"; };
		9085390D2900416D0064228A /* Display a NumberTests.xctest */ = {isa = PBXFileReference; explicitFileType = wrapper.cfbundle; includeInIndex = 0; path = "Display a NumberTests.xctest"; sourceTree = BUILT_PRODUCTS_DIR; };
		908539112900416D0064228A /* Display_a_NumberTests.swift */ = {isa = PBXFileReference; lastKnownFileType = sourcecode.swift; path = Display_a_NumberTests.swift; sourceTree = "<group>"; };
		908539172900416D0064228A /* Display a NumberUITests.xctest */ = {isa = PBXFileReference; explicitFileType = wrapper.cfbundle; includeInIndex = 0; path = "Display a NumberUITests.xctest"; sourceTree = BUILT_PRODUCTS_DIR; };
		9085391B2900416D0064228A /* Display_a_NumberUITests.swift */ = {isa = PBXFileReference; lastKnownFileType = sourcecode.swift; path = Display_a_NumberUITests.swift; sourceTree = "<group>"; };
		9085391D2900416D0064228A /* Display_a_NumberUITestsLaunchTests.swift */ = {isa = PBXFileReference; lastKnownFileType = sourcecode.swift; path = Display_a_NumberUITestsLaunchTests.swift; sourceTree = "<group>"; };
/* End PBXFileReference section */

/* Begin PBXFrameworksBuildPhase section */
		908538F42900416D0064228A /* Frameworks */ = {
			isa = PBXFrameworksBuildPhase;
			buildActionMask = 2147483647;
			files = (
			);
			runOnlyForDeploymentPostprocessing = 0;
		};
		9085390A2900416D0064228A /* Frameworks */ = {
			isa = PBXFrameworksBuildPhase;
			buildActionMask = 2147483647;
			files = (
			);
			runOnlyForDeploymentPostprocessing = 0;
		};
		908539142900416D0064228A /* Frameworks */ = {
			isa = PBXFrameworksBuildPhase;
			buildActionMask = 2147483647;
			files = (
			);
			runOnlyForDeploymentPostprocessing = 0;
		};
/* End PBXFrameworksBuildPhase section */

/* Begin PBXGroup section */
		908538EE2900416D0064228A = {
			isa = PBXGroup;
			children = (
				908538F92900416D0064228A /* Display a Number */,
				908539102900416D0064228A /* Display a NumberTests */,
				9085391A2900416D0064228A /* Display a NumberUITests */,
				908538F82900416D0064228A /* Products */,
			);
			sourceTree = "<group>";
		};
		908538F82900416D0064228A /* Products */ = {
			isa = PBXGroup;
			children = (
				908538F72900416D0064228A /* Display a Number.app */,
				9085390D2900416D0064228A /* Display a NumberTests.xctest */,
				908539172900416D0064228A /* Display a NumberUITests.xctest */,
			);
			name = Products;
			sourceTree = "<group>";
		};
		908538F92900416D0064228A /* Display a Number */ = {
			isa = PBXGroup;
			children = (
				908538FA2900416D0064228A /* AppDelegate.swift */,
				908538FC2900416D0064228A /* SceneDelegate.swift */,
				908538FE2900416D0064228A /* ViewController.swift */,
				908539002900416D0064228A /* Main.storyboard */,
				908539032900416D0064228A /* Assets.xcassets */,
				908539052900416D0064228A /* LaunchScreen.storyboard */,
				908539082900416D0064228A /* Info.plist */,
			);
			path = "Display a Number";
			sourceTree = "<group>";
		};
		908539102900416D0064228A /* Display a NumberTests */ = {
			isa = PBXGroup;
			children = (
				908539112900416D0064228A /* Display_a_NumberTests.swift */,
			);
			path = "Display a NumberTests";
			sourceTree = "<group>";
		};
		9085391A2900416D0064228A /* Display a NumberUITests */ = {
			isa = PBXGroup;
			children = (
				9085391B2900416D0064228A /* Display_a_NumberUITests.swift */,
				9085391D2900416D0064228A /* Display_a_NumberUITestsLaunchTests.swift */,
			);
			path = "Display a NumberUITests";
			sourceTree = "<group>";
		};
/* End PBXGroup section */

/* Begin PBXNativeTarget section */
		908538F62900416D0064228A /* Display a Number */ = {
			isa = PBXNativeTarget;
			buildConfigurationList = 908539212900416E0064228A /* Build configuration list for PBXNativeTarget "Display a Number" */;
			buildPhases = (
				908538F32900416D0064228A /* Sources */,
				908538F42900416D0064228A /* Frameworks */,
				908538F52900416D0064228A /* Resources */,
			);
			buildRules = (
			);
			dependencies = (
			);
			name = "Display a Number";
			productName = "Display a Number";
			productReference = 908538F72900416D0064228A /* Display a Number.app */;
			productType = "com.apple.product-type.application";
		};
		9085390C2900416D0064228A /* Display a NumberTests */ = {
			isa = PBXNativeTarget;
			buildConfigurationList = 908539242900416E0064228A /* Build configuration list for PBXNativeTarget "Display a NumberTests" */;
			buildPhases = (
				908539092900416D0064228A /* Sources */,
				9085390A2900416D0064228A /* Frameworks */,
				9085390B2900416D0064228A /* Resources */,
			);
			buildRules = (
			);
			dependencies = (
				9085390F2900416D0064228A /* PBXTargetDependency */,
			);
			name = "Display a NumberTests";
			productName = "Display a NumberTests";
			productReference = 9085390D2900416D0064228A /* Display a NumberTests.xctest */;
			productType = "com.apple.product-type.bundle.unit-test";
		};
		908539162900416D0064228A /* Display a NumberUITests */ = {
			isa = PBXNativeTarget;
			buildConfigurationList = 908539272900416E0064228A /* Build configuration list for PBXNativeTarget "Display a NumberUITests" */;
			buildPhases = (
				908539132900416D0064228A /* Sources */,
				908539142900416D0064228A /* Frameworks */,
				908539152900416D0064228A /* Resources */,
			);
			buildRules = (
			);
			dependencies = (
				908539192900416D0064228A /* PBXTargetDependency */,
			);
			name = "Display a NumberUITests";
			productName = "Display a NumberUITests";
			productReference = 908539172900416D0064228A /* Display a NumberUITests.xctest */;
			productType = "com.apple.product-type.bundle.ui-testing";
		};
/* End PBXNativeTarget section */

/* Begin PBXProject section */
		908538EF2900416D0064228A /* Project object */ = {
			isa = PBXProject;
			attributes = {
				BuildIndependentTargetsInParallel = 1;
				LastSwiftUpdateCheck = 1340;
				LastUpgradeCheck = 1340;
				TargetAttributes = {
					908538F62900416D0064228A = {
						CreatedOnToolsVersion = 13.4.1;
					};
					9085390C2900416D0064228A = {
						CreatedOnToolsVersion = 13.4.1;
						TestTargetID = 908538F62900416D0064228A;
					};
					908539162900416D0064228A = {
						CreatedOnToolsVersion = 13.4.1;
						TestTargetID = 908538F62900416D0064228A;
					};
				};
			};
			buildConfigurationList = 908538F22900416D0064228A /* Build configuration list for PBXProject "Display a Number" */;
			compatibilityVersion = "Xcode 13.0";
			developmentRegion = en;
			hasScannedForEncodings = 0;
			knownRegions = (
				en,
				Base,
			);
			mainGroup = 908538EE2900416D0064228A;
			productRefGroup = 908538F82900416D0064228A /* Products */;
			projectDirPath = "";
			projectRoot = "";
			targets = (
				908538F62900416D0064228A /* Display a Number */,
				9085390C2900416D0064228A /* Display a NumberTests */,
				908539162900416D0064228A /* Display a NumberUITests */,
			);
		};
/* End PBXProject section */

/* Begin PBXResourcesBuildPhase section */
		908538F52900416D0064228A /* Resources */ = {
			isa = PBXResourcesBuildPhase;
			buildActionMask = 2147483647;
			files = (
				908539072900416D0064228A /* LaunchScreen.storyboard in Resources */,
				908539042900416D0064228A /* Assets.xcassets in Resources */,
				908539022900416D0064228A /* Main.storyboard in Resources */,
			);
			runOnlyForDeploymentPostprocessing = 0;
		};
		9085390B2900416D0064228A /* Resources */ = {
			isa = PBXResourcesBuildPhase;
			buildActionMask = 2147483647;
			files = (
			);
			runOnlyForDeploymentPostprocessing = 0;
		};
		908539152900416D0064228A /* Resources */ = {
			isa = PBXResourcesBuildPhase;
			buildActionMask = 2147483647;
			files = (
			);
			runOnlyForDeploymentPostprocessing = 0;
		};
/* End PBXResourcesBuildPhase section */

/* Begin PBXSourcesBuildPhase section */
		908538F32900416D0064228A /* Sources */ = {
			isa = PBXSourcesBuildPhase;
			buildActionMask = 2147483647;
			files = (
				908538FF2900416D0064228A /* ViewController.swift in Sources */,
				908538FB2900416D0064228A /* AppDelegate.swift in Sources */,
				908538FD2900416D0064228A /* SceneDelegate.swift in Sources */,
			);
			runOnlyForDeploymentPostprocessing = 0;
		};
		908539092900416D0064228A /* Sources */ = {
			isa = PBXSourcesBuildPhase;
			buildActionMask = 2147483647;
			files = (
				908539122900416D0064228A /* Display_a_NumberTests.swift in Sources */,
			);
			runOnlyForDeploymentPostprocessing = 0;
		};
		908539132900416D0064228A /* Sources */ = {
			isa = PBXSourcesBuildPhase;
			buildActionMask = 2147483647;
			files = (
				9085391E2900416D0064228A /* Display_a_NumberUITestsLaunchTests.swift in Sources */,
				9085391C2900416D0064228A /* Display_a_NumberUITests.swift in Sources */,
			);
			runOnlyForDeploymentPostprocessing = 0;
		};
/* End PBXSourcesBuildPhase section */

/* Begin PBXTargetDependency section */
		9085390F2900416D0064228A /* PBXTargetDependency */ = {
			isa = PBXTargetDependency;
			target = 908538F62900416D0064228A /* Display a Number */;
			targetProxy = 9085390E2900416D0064228A /* PBXContainerItemProxy */;
		};
		908539192900416D0064228A /* PBXTargetDependency */ = {
			isa = PBXTargetDependency;
			target = 908538F62900416D0064228A /* Display a Number */;
			targetProxy = 908539182900416D0064228A /* PBXContainerItemProxy */;
		};
/* End PBXTargetDependency section */

/* Begin PBXVariantGroup section */
		908539002900416D0064228A /* Main.storyboard */ = {
			isa = PBXVariantGroup;
			children = (
				908539012900416D0064228A /* Base */,
			);
			name = Main.storyboard;
			sourceTree = "<group>";
		};
		908539052900416D0064228A /* LaunchScreen.storyboard */ = {
			isa = PBXVariantGroup;
			children = (
				908539062900416D0064228A /* Base */,
			);
			name = LaunchScreen.storyboard;
			sourceTree = "<group>";
		};
/* End PBXVariantGroup section */

/* Begin XCBuildConfiguration section */
		9085391F2900416D0064228A /* Debug */ = {
			isa = XCBuildConfiguration;
			buildSettings = {
				ALWAYS_SEARCH_USER_PATHS = NO;
				CLANG_ANALYZER_NONNULL = YES;
				CLANG_ANALYZER_NUMBER_OBJECT_CONVERSION = YES_AGGRESSIVE;
				CLANG_CXX_LANGUAGE_STANDARD = "gnu++17";
				CLANG_ENABLE_MODULES = YES;
				CLANG_ENABLE_OBJC_ARC = YES;
				CLANG_ENABLE_OBJC_WEAK = YES;
				CLANG_WARN_BLOCK_CAPTURE_AUTORELEASING = YES;
				CLANG_WARN_BOOL_CONVERSION = YES;
				CLANG_WARN_COMMA = YES;
				CLANG_WARN_CONSTANT_CONVERSION = YES;
				CLANG_WARN_DEPRECATED_OBJC_IMPLEMENTATIONS = YES;
				CLANG_WARN_DIRECT_OBJC_ISA_USAGE = YES_ERROR;
				CLANG_WARN_DOCUMENTATION_COMMENTS = YES;
				CLANG_WARN_EMPTY_BODY = YES;
				CLANG_WARN_ENUM_CONVERSION = YES;
				CLANG_WARN_INFINITE_RECURSION = YES;
				CLANG_WARN_INT_CONVERSION = YES;
				CLANG_WARN_NON_LITERAL_NULL_CONVERSION = YES;
				CLANG_WARN_OBJC_IMPLICIT_RETAIN_SELF = YES;
				CLANG_WARN_OBJC_LITERAL_CONVERSION = YES;
				CLANG_WARN_OBJC_ROOT_CLASS = YES_ERROR;
				CLANG_WARN_QUOTED_INCLUDE_IN_FRAMEWORK_HEADER = YES;
				CLANG_WARN_RANGE_LOOP_ANALYSIS = YES;
				CLANG_WARN_STRICT_PROTOTYPES = YES;
				CLANG_WARN_SUSPICIOUS_MOVE = YES;
				CLANG_WARN_UNGUARDED_AVAILABILITY = YES_AGGRESSIVE;
				CLANG_WARN_UNREACHABLE_CODE = YES;
				CLANG_WARN__DUPLICATE_METHOD_MATCH = YES;
				COPY_PHASE_STRIP = NO;
				DEBUG_INFORMATION_FORMAT = dwarf;
				ENABLE_STRICT_OBJC_MSGSEND = YES;
				ENABLE_TESTABILITY = YES;
				GCC_C_LANGUAGE_STANDARD = gnu11;
				GCC_DYNAMIC_NO_PIC = NO;
				GCC_NO_COMMON_BLOCKS = YES;
				GCC_OPTIMIZATION_LEVEL = 0;
				GCC_PREPROCESSOR_DEFINITIONS = (
					"DEBUG=1",
					"$(inherited)",
				);
				GCC_WARN_64_TO_32_BIT_CONVERSION = YES;
				GCC_WARN_ABOUT_RETURN_TYPE = YES_ERROR;
				GCC_WARN_UNDECLARED_SELECTOR = YES;
				GCC_WARN_UNINITIALIZED_AUTOS = YES_AGGRESSIVE;
				GCC_WARN_UNUSED_FUNCTION = YES;
				GCC_WARN_UNUSED_VARIABLE = YES;
				IPHONEOS_DEPLOYMENT_TARGET = 15.5;
				MTL_ENABLE_DEBUG_INFO = INCLUDE_SOURCE;
				MTL_FAST_MATH = YES;
				ONLY_ACTIVE_ARCH = YES;
				SDKROOT = iphoneos;
				SWIFT_ACTIVE_COMPILATION_CONDITIONS = DEBUG;
				SWIFT_OPTIMIZATION_LEVEL = "-Onone";
			};
			name = Debug;
		};
		908539202900416D0064228A /* Release */ = {
			isa = XCBuildConfiguration;
			buildSettings = {
				ALWAYS_SEARCH_USER_PATHS = NO;
				CLANG_ANALYZER_NONNULL = YES;
				CLANG_ANALYZER_NUMBER_OBJECT_CONVERSION = YES_AGGRESSIVE;
				CLANG_CXX_LANGUAGE_STANDARD = "gnu++17";
				CLANG_ENABLE_MODULES = YES;
				CLANG_ENABLE_OBJC_ARC = YES;
				CLANG_ENABLE_OBJC_WEAK = YES;
				CLANG_WARN_BLOCK_CAPTURE_AUTORELEASING = YES;
				CLANG_WARN_BOOL_CONVERSION = YES;
				CLANG_WARN_COMMA = YES;
				CLANG_WARN_CONSTANT_CONVERSION = YES;
				CLANG_WARN_DEPRECATED_OBJC_IMPLEMENTATIONS = YES;
				CLANG_WARN_DIRECT_OBJC_ISA_USAGE = YES_ERROR;
				CLANG_WARN_DOCUMENTATION_COMMENTS = YES;
				CLANG_WARN_EMPTY_BODY = YES;
				CLANG_WARN_ENUM_CONVERSION = YES;
				CLANG_WARN_INFINITE_RECURSION = YES;
				CLANG_WARN_INT_CONVERSION = YES;
				CLANG_WARN_NON_LITERAL_NULL_CONVERSION = YES;
				CLANG_WARN_OBJC_IMPLICIT_RETAIN_SELF = YES;
				CLANG_WARN_OBJC_LITERAL_CONVERSION = YES;
				CLANG_WARN_OBJC_ROOT_CLASS = YES_ERROR;
				CLANG_WARN_QUOTED_INCLUDE_IN_FRAMEWORK_HEADER = YES;
				CLANG_WARN_RANGE_LOOP_ANALYSIS = YES;
				CLANG_WARN_STRICT_PROTOTYPES = YES;
				CLANG_WARN_SUSPICIOUS_MOVE = YES;
				CLANG_WARN_UNGUARDED_AVAILABILITY = YES_AGGRESSIVE;
				CLANG_WARN_UNREACHABLE_CODE = YES;
				CLANG_WARN__DUPLICATE_METHOD_MATCH = YES;
				COPY_PHASE_STRIP = NO;
				DEBUG_INFORMATION_FORMAT = "dwarf-with-dsym";
				ENABLE_NS_ASSERTIONS = NO;
				ENABLE_STRICT_OBJC_MSGSEND = YES;
				GCC_C_LANGUAGE_STANDARD = gnu11;
				GCC_NO_COMMON_BLOCKS = YES;
				GCC_WARN_64_TO_32_BIT_CONVERSION = YES;
				GCC_WARN_ABOUT_RETURN_TYPE = YES_ERROR;
				GCC_WARN_UNDECLARED_SELECTOR = YES;
				GCC_WARN_UNINITIALIZED_AUTOS = YES_AGGRESSIVE;
				GCC_WARN_UNUSED_FUNCTION = YES;
				GCC_WARN_UNUSED_VARIABLE = YES;
				IPHONEOS_DEPLOYMENT_TARGET = 15.5;
				MTL_ENABLE_DEBUG_INFO = NO;
				MTL_FAST_MATH = YES;
				SDKROOT = iphoneos;
				SWIFT_COMPILATION_MODE = wholemodule;
				SWIFT_OPTIMIZATION_LEVEL = "-O";
				VALIDATE_PRODUCT = YES;
			};
			name = Release;
		};
		908539222900416E0064228A /* Debug */ = {
			isa = XCBuildConfiguration;
			buildSettings = {
				ASSETCATALOG_COMPILER_APPICON_NAME = AppIcon;
				ASSETCATALOG_COMPILER_GLOBAL_ACCENT_COLOR_NAME = AccentColor;
				CODE_SIGN_STYLE = Automatic;
				CURRENT_PROJECT_VERSION = 1;
				DEVELOPMENT_TEAM = 6AJF578J82;
				GENERATE_INFOPLIST_FILE = YES;
				INFOPLIST_FILE = "Display a Number/Info.plist";
				INFOPLIST_KEY_UIApplicationSupportsIndirectInputEvents = YES;
				INFOPLIST_KEY_UILaunchStoryboardName = LaunchScreen;
				INFOPLIST_KEY_UIMainStoryboardFile = Main;
				INFOPLIST_KEY_UISupportedInterfaceOrientations_iPad = "UIInterfaceOrientationPortrait UIInterfaceOrientationPortraitUpsideDown UIInterfaceOrientationLandscapeLeft UIInterfaceOrientationLandscapeRight";
				INFOPLIST_KEY_UISupportedInterfaceOrientations_iPhone = "UIInterfaceOrientationPortrait UIInterfaceOrientationLandscapeLeft UIInterfaceOrientationLandscapeRight";
				LD_RUNPATH_SEARCH_PATHS = (
					"$(inherited)",
					"@executable_path/Frameworks",
				);
				MARKETING_VERSION = 1.0;
				PRODUCT_BUNDLE_IDENTIFIER = "org.d127.250062.Display-a-Number";
				PRODUCT_NAME = "$(TARGET_NAME)";
				SWIFT_EMIT_LOC_STRINGS = YES;
				SWIFT_VERSION = 5.0;
				TARGETED_DEVICE_FAMILY = "1,2";
			};
			name = Debug;
		};
		908539232900416E0064228A /* Release */ = {
			isa = XCBuildConfiguration;
			buildSettings = {
				ASSETCATALOG_COMPILER_APPICON_NAME = AppIcon;
				ASSETCATALOG_COMPILER_GLOBAL_ACCENT_COLOR_NAME = AccentColor;
				CODE_SIGN_STYLE = Automatic;
				CURRENT_PROJECT_VERSION = 1;
				DEVELOPMENT_TEAM = 6AJF578J82;
				GENERATE_INFOPLIST_FILE = YES;
				INFOPLIST_FILE = "Display a Number/Info.plist";
				INFOPLIST_KEY_UIApplicationSupportsIndirectInputEvents = YES;
				INFOPLIST_KEY_UILaunchStoryboardName = LaunchScreen;
				INFOPLIST_KEY_UIMainStoryboardFile = Main;
				INFOPLIST_KEY_UISupportedInterfaceOrientations_iPad = "UIInterfaceOrientationPortrait UIInterfaceOrientationPortraitUpsideDown UIInterfaceOrientationLandscapeLeft UIInterfaceOrientationLandscapeRight";
				INFOPLIST_KEY_UISupportedInterfaceOrientations_iPhone = "UIInterfaceOrientationPortrait UIInterfaceOrientationLandscapeLeft UIInterfaceOrientationLandscapeRight";
				LD_RUNPATH_SEARCH_PATHS = (
					"$(inherited)",
					"@executable_path/Frameworks",
				);
				MARKETING_VERSION = 1.0;
				PRODUCT_BUNDLE_IDENTIFIER = "org.d127.250062.Display-a-Number";
				PRODUCT_NAME = "$(TARGET_NAME)";
				SWIFT_EMIT_LOC_STRINGS = YES;
				SWIFT_VERSION = 5.0;
				TARGETED_DEVICE_FAMILY = "1,2";
			};
			name = Release;
		};
		908539252900416E0064228A /* Debug */ = {
			isa = XCBuildConfiguration;
			buildSettings = {
				ALWAYS_EMBED_SWIFT_STANDARD_LIBRARIES = YES;
				BUNDLE_LOADER = "$(TEST_HOST)";
				CODE_SIGN_STYLE = Automatic;
				CURRENT_PROJECT_VERSION = 1;
				DEVELOPMENT_TEAM = 6AJF578J82;
				GENERATE_INFOPLIST_FILE = YES;
				IPHONEOS_DEPLOYMENT_TARGET = 15.5;
				MARKETING_VERSION = 1.0;
				PRODUCT_BUNDLE_IDENTIFIER = "org.d127.250062.Display-a-NumberTests";
				PRODUCT_NAME = "$(TARGET_NAME)";
				SWIFT_EMIT_LOC_STRINGS = NO;
				SWIFT_VERSION = 5.0;
				TARGETED_DEVICE_FAMILY = "1,2";
				TEST_HOST = "$(BUILT_PRODUCTS_DIR)/Display a Number.app/Display a Number";
			};
			name = Debug;
		};
		908539262900416E0064228A /* Release */ = {
			isa = XCBuildConfiguration;
			buildSettings = {
				ALWAYS_EMBED_SWIFT_STANDARD_LIBRARIES = YES;
				BUNDLE_LOADER = "$(TEST_HOST)";
				CODE_SIGN_STYLE = Automatic;
				CURRENT_PROJECT_VERSION = 1;
				DEVELOPMENT_TEAM = 6AJF578J82;
				GENERATE_INFOPLIST_FILE = YES;
				IPHONEOS_DEPLOYMENT_TARGET = 15.5;
				MARKETING_VERSION = 1.0;
				PRODUCT_BUNDLE_IDENTIFIER = "org.d127.250062.Display-a-NumberTests";
				PRODUCT_NAME = "$(TARGET_NAME)";
				SWIFT_EMIT_LOC_STRINGS = NO;
				SWIFT_VERSION = 5.0;
				TARGETED_DEVICE_FAMILY = "1,2";
				TEST_HOST = "$(BUILT_PRODUCTS_DIR)/Display a Number.app/Display a Number";
			};
			name = Release;
		};
		908539282900416E0064228A /* Debug */ = {
			isa = XCBuildConfiguration;
			buildSettings = {
				ALWAYS_EMBED_SWIFT_STANDARD_LIBRARIES = YES;
				CODE_SIGN_STYLE = Automatic;
				CURRENT_PROJECT_VERSION = 1;
				DEVELOPMENT_TEAM = 6AJF578J82;
				GENERATE_INFOPLIST_FILE = YES;
				MARKETING_VERSION = 1.0;
				PRODUCT_BUNDLE_IDENTIFIER = "org.d127.250062.Display-a-NumberUITests";
				PRODUCT_NAME = "$(TARGET_NAME)";
				SWIFT_EMIT_LOC_STRINGS = NO;
				SWIFT_VERSION = 5.0;
				TARGETED_DEVICE_FAMILY = "1,2";
				TEST_TARGET_NAME = "Display a Number";
			};
			name = Debug;
		};
		908539292900416E0064228A /* Release */ = {
			isa = XCBuildConfiguration;
			buildSettings = {
				ALWAYS_EMBED_SWIFT_STANDARD_LIBRARIES = YES;
				CODE_SIGN_STYLE = Automatic;
				CURRENT_PROJECT_VERSION = 1;
				DEVELOPMENT_TEAM = 6AJF578J82;
				GENERATE_INFOPLIST_FILE = YES;
				MARKETING_VERSION = 1.0;
				PRODUCT_BUNDLE_IDENTIFIER = "org.d127.250062.Display-a-NumberUITests";
				PRODUCT_NAME = "$(TARGET_NAME)";
				SWIFT_EMIT_LOC_STRINGS = NO;
				SWIFT_VERSION = 5.0;
				TARGETED_DEVICE_FAMILY = "1,2";
				TEST_TARGET_NAME = "Display a Number";
			};
			name = Release;
		};
/* End XCBuildConfiguration section */

/* Begin XCConfigurationList section */
		908538F22900416D0064228A /* Build configuration list for PBXProject "Display a Number" */ = {
			isa = XCConfigurationList;
			buildConfigurations = (
				9085391F2900416D0064228A /* Debug */,
				908539202900416D0064228A /* Release */,
			);
			defaultConfigurationIsVisible = 0;
			defaultConfigurationName = Release;
		};
		908539212900416E0064228A /* Build configuration list for PBXNativeTarget "Display a Number" */ = {
			isa = XCConfigurationList;
			buildConfigurations = (
				908539222900416E0064228A /* Debug */,
				908539232900416E0064228A /* Release */,
			);
			defaultConfigurationIsVisible = 0;
			defaultConfigurationName = Release;
		};
		908539242900416E0064228A /* Build configuration list for PBXNativeTarget "Display a NumberTests" */ = {
			isa = XCConfigurationList;
			buildConfigurations = (
				908539252900416E0064228A /* Debug */,
				908539262900416E0064228A /* Release */,
			);
			defaultConfigurationIsVisible = 0;
			defaultConfigurationName = Release;
		};
		908539272900416E0064228A /* Build configuration list for PBXNativeTarget "Display a NumberUITests" */ = {
			isa = XCConfigurationList;
			buildConfigurations = (
				908539282900416E0064228A /* Debug */,
				908539292900416E0064228A /* Release */,
			);
			defaultConfigurationIsVisible = 0;
			defaultConfigurationName = Release;
		};
/* End XCConfigurationList section */
	};
	rootObject = 908538EF2900416D0064228A /* Project object */;
}
